{
  "name": "wx-mini-program-common",
  "version": "1.0.7",
  "lockfileVersion": 1,
  "requires": true,
  "dependencies": {
    "sx-common-css": {
      "version": "1.0.0",
      "resolved": "https://registry.npmjs.org/sx-common-css/-/sx-common-css-1.0.0.tgz",
      "integrity": "sha512-xH7cSyOdA5jdBAKw4pCzu5MuUYymt3dMAmASMMOpj6sXi1hLdSUlrGHX/CCh6rYMpChIFHMKQ3dQLGA/j27Xpw=="
    }
  }
}
