{
  "name": "wx-mini-program-common",
  "version": "1.0.5",
  "lockfileVersion": 1,
  "requires": true,
  "dependencies": {
    "sx-event": {
      "version": "1.0.3",
      "resolved": "https://registry.npmjs.org/sx-event/-/sx-event-1.0.3.tgz",
      "integrity": "sha512-SzC0NoTuvjo5uAO2quGwfdIgNEGNOX7GWgKD1uOboiJfINFN+Jr/MouQhRJsYHz36ayfq4DmHAawXGvhgs+7Xg=="
    }
  }
}
