{
  "name": "wx-mini-program-common",
  "version": "1.0.0",
  "lockfileVersion": 1,
  "requires": true,
  "dependencies": {
    "sx-event": {
      "version": "1.0.3",
      "resolved": "https://registry.npmjs.org/sx-event/-/sx-event-1.0.3.tgz",
      "integrity": "sha512-SzC0NoTuvjo5uAO2quGwfdIgNEGNOX7GWgKD1uOboiJfINFN+Jr/MouQhRJsYHz36ayfq4DmHAawXGvhgs+7Xg=="
    },
    "sx-user": {
      "version": "1.0.3",
      "resolved": "https://registry.npmjs.org/sx-user/-/sx-user-1.0.3.tgz",
      "integrity": "sha512-KN4M6OCGFIjaAAHqbgHe/9ER49tIzuL4jLj9OtAnAZTsoRTQ+8twQXk2TgsRBr3zyxw0RZ2kaNd8v6O2iU7u0g==",
      "requires": {
        "sx-event": "^1.0.3"
      }
    },
    "wx-mini-program-cache": {
      "version": "1.0.3",
      "resolved": "https://registry.npmjs.org/wx-mini-program-cache/-/wx-mini-program-cache-1.0.3.tgz",
      "integrity": "sha512-dMjtClbN6RAe+tMLBnxyOjzyC2BHtcNQg0U6jblb9GQ7JORO8XK4mi+ZapPuUpE78Bm6VoJMy8T9WLr341EpVA=="
    },
    "wx-mini-program-user": {
      "version": "1.0.5",
      "resolved": "https://registry.npmjs.org/wx-mini-program-user/-/wx-mini-program-user-1.0.5.tgz",
      "integrity": "sha512-p0zXjUyULMIQ2msQvP+ys/Ym5H1Km62G+Nj/RfavAMDyVLesN3ov8KfCwpyxdo2nSMtEinsrJKCRZx07QRc8ow==",
      "requires": {
        "sx-user": "^1.0.3"
      }
    }
  }
}
